
Microsoft Visual Studio Solution File, Format Version 12.00
# Visual Studio 2013
VisualStudioVersion = 12.0.30723.0
MinimumVisualStudioVersion = 10.0.40219.1
Project("{FAE04EC0-301F-11D3-BF4B-00C04F79EFBC}") = "AccessModifies", "AccessModifies\AccessModifies.csproj", "{524FED0D-9BEB-4DB1-A1E1-D347442DF4B9}"
EndProject
Project("{FAE04EC0-301F-11D3-BF4B-00C04F79EFBC}") = "AssemblyOne", "AssemblyOne\AssemblyOne.csproj", "{D2E0877A-C5EE-45A6-B731-84A11F217400}"
EndProject
Project("{FAE04EC0-301F-11D3-BF4B-00C04F79EFBC}") = "AssemblyTwo", "AssemblyTwo\AssemblyTwo.csproj", "{D54F0F6A-CD93-4C42-AB40-5430EF7F3093}"
EndProject
Global
	GlobalSection(SolutionConfigurationPlatforms) = preSolution
		Debug|Any CPU = Debug|Any CPU
		Release|Any CPU = Release|Any CPU
	EndGlobalSection
	GlobalSection(ProjectConfigurationPlatforms) = postSolution
		{524FED0D-9BEB-4DB1-A1E1-D347442DF4B9}.Debug|Any CPU.ActiveCfg = Debug|Any CPU
		{524FED0D-9BEB-4DB1-A1E1-D347442DF4B9}.Debug|Any CPU.Build.0 = Debug|Any CPU
		{524FED0D-9BEB-4DB1-A1E1-D347442DF4B9}.Release|Any CPU.ActiveCfg = Release|Any CPU
		{524FED0D-9BEB-4DB1-A1E1-D347442DF4B9}.Release|Any CPU.Build.0 = Release|Any CPU
		{D2E0877A-C5EE-45A6-B731-84A11F217400}.Debug|Any CPU.ActiveCfg = Debug|Any CPU
		{D2E0877A-C5EE-45A6-B731-84A11F217400}.Debug|Any CPU.Build.0 = Debug|Any CPU
		{D2E0877A-C5EE-45A6-B731-84A11F217400}.Release|Any CPU.ActiveCfg = Release|Any CPU
		{D2E0877A-C5EE-45A6-B731-84A11F217400}.Release|Any CPU.Build.0 = Release|Any CPU
		{D54F0F6A-CD93-4C42-AB40-5430EF7F3093}.Debug|Any CPU.ActiveCfg = Debug|Any CPU
		{D54F0F6A-CD93-4C42-AB40-5430EF7F3093}.Debug|Any CPU.Build.0 = Debug|Any CPU
		{D54F0F6A-CD93-4C42-AB40-5430EF7F3093}.Release|Any CPU.ActiveCfg = Release|Any CPU
		{D54F0F6A-CD93-4C42-AB40-5430EF7F3093}.Release|Any CPU.Build.0 = Release|Any CPU
	EndGlobalSection
	GlobalSection(SolutionProperties) = preSolution
		HideSolutionNode = FALSE
	EndGlobalSection
EndGlobal
